# This file is autogenerated, do not edit; changes may be undone by the next 'dep ensure'.


[[projects]]
  name = "github.com/urfave/cli"
  packages = ["."]
  revision = "cfb38830724cc34fedffe9a2a29fb54fa9169cd1"
  version = "v1.20.0"

[[projects]]
  branch = "master"
  name = "software.sslmate.com/src/go-pkcs12"
  packages = [
    ".",
    "internal/rc2"
  ]
  revision = "2291e8f0f237e77e89ce233be7653ecca8cf391a"

[solve-meta]
  analyzer-name = "dep"
  analyzer-version = 1
  inputs-digest = "30e3e7dd79fd925e79f48a77f30ff73670cb846e0b35fa2198a10d310a38eabc"
  solver-name = "gps-cdcl"
  solver-version = 1
